
Microsoft Visual Studio Solution File, Format Version 12.00
# Visual Studio Version 17
VisualStudioVersion = 17.13.35825.156 d17.13
MinimumVisualStudioVersion = 10.0.40219.1
Project("{FAE04EC0-301F-11D3-BF4B-00C04F79EFBC}") = "JsonEntities", "JsonEntities\JsonEntities.csproj", "{DAB898AF-5208-44AF-BA75-4D3CE1CE0D27}"
EndProject
Global
	GlobalSection(SolutionConfigurationPlatforms) = preSolution
		Debug|Any CPU = Debug|Any CPU
		Release|Any CPU = Release|Any CPU
	EndGlobalSection
	GlobalSection(ProjectConfigurationPlatforms) = postSolution
		{DAB898AF-5208-44AF-BA75-4D3CE1CE0D27}.Debug|Any CPU.ActiveCfg = Debug|Any CPU
		{DAB898AF-5208-44AF-BA75-4D3CE1CE0D27}.Debug|Any CPU.Build.0 = Debug|Any CPU
		{DAB898AF-5208-44AF-BA75-4D3CE1CE0D27}.Release|Any CPU.ActiveCfg = Release|Any CPU
		{DAB898AF-5208-44AF-BA75-4D3CE1CE0D27}.Release|Any CPU.Build.0 = Release|Any CPU
	EndGlobalSection
	GlobalSection(SolutionProperties) = preSolution
		HideSolutionNode = FALSE
	EndGlobalSection
	GlobalSection(ExtensibilityGlobals) = postSolution
		SolutionGuid = {5ADE9117-DA1A-4437-8950-7BEBDD0BB259}
	EndGlobalSection
EndGlobal
